
Microsoft Visual Studio Solution File, Format Version 12.00
# Visual Studio Version 16
VisualStudioVersion = 16.0.30717.126
MinimumVisualStudioVersion = 10.0.40219.1
Project("{FAE04EC0-301F-11D3-BF4B-00C04F79EFBC}") = "FinastraWeb", "FinastraWeb\FinastraWeb.csproj", "{A0691C18-274F-449B-B582-C5922C48BE28}"
EndProject
Global
	GlobalSection(SolutionConfigurationPlatforms) = preSolution
		Debug|Any CPU = Debug|Any CPU
		Release|Any CPU = Release|Any CPU
	EndGlobalSection
	GlobalSection(ProjectConfigurationPlatforms) = postSolution
		{A0691C18-274F-449B-B582-C5922C48BE28}.Debug|Any CPU.ActiveCfg = Debug|Any CPU
		{A0691C18-274F-449B-B582-C5922C48BE28}.Debug|Any CPU.Build.0 = Debug|Any CPU
		{A0691C18-274F-449B-B582-C5922C48BE28}.Release|Any CPU.ActiveCfg = Release|Any CPU
		{A0691C18-274F-449B-B582-C5922C48BE28}.Release|Any CPU.Build.0 = Release|Any CPU
	EndGlobalSection
	GlobalSection(SolutionProperties) = preSolution
		HideSolutionNode = FALSE
	EndGlobalSection
	GlobalSection(ExtensibilityGlobals) = postSolution
		SolutionGuid = {9D4D9854-D47D-4F3D-8ABB-A2B9F9705CEA}
	EndGlobalSection
EndGlobal
